// !$*UTF8*$!
{
	archiveVersion = 1;
	classes = {
	};
	objectVersion = 50;
	objects = {

/* Begin PBXBuildFile section */
		5D519044279D9A6A00ECD4BA /* AppDelegate.swift in Sources */ = {isa = PBXBuildFile; fileRef = 5D519043279D9A6A00ECD4BA /* AppDelegate.swift */; };
		5D519046279D9A6A00ECD4BA /* SceneDelegate.swift in Sources */ = {isa = PBXBuildFile; fileRef = 5D519045279D9A6A00ECD4BA /* SceneDelegate.swift */; };
		5D519048279D9A6A00ECD4BA /* MainViewController.swift in Sources */ = {isa = PBXBuildFile; fileRef = 5D519047279D9A6A00ECD4BA /* MainViewController.swift */; };
		5D51904D279D9A6B00ECD4BA /* Assets.xcassets in Resources */ = {isa = PBXBuildFile; fileRef = 5D51904C279D9A6B00ECD4BA /* Assets.xcassets */; };
		5D519050279D9A6B00ECD4BA /* LaunchScreen.storyboard in Resources */ = {isa = PBXBuildFile; fileRef = 5D51904E279D9A6B00ECD4BA /* LaunchScreen.storyboard */; };
		5D57BC9727A1E1AF00E754E6 /* MapButton.swift in Sources */ = {isa = PBXBuildFile; fileRef = 5D57BC9627A1E1AF00E754E6 /* MapButton.swift */; };
		5D57BC9927A1EE7900E754E6 /* PinExtension.swift in Sources */ = {isa = PBXBuildFile; fileRef = 5D57BC9827A1EE7900E754E6 /* PinExtension.swift */; };
/* End PBXBuildFile section */

/* Begin PBXFileReference section */
		5D519040279D9A6A00ECD4BA /* avmorozova_6PW7.app */ = {isa = PBXFileReference; explicitFileType = wrapper.application; includeInIndex = 0; path = avmorozova_6PW7.app; sourceTree = BUILT_PRODUCTS_DIR; };
		5D519043279D9A6A00ECD4BA /* AppDelegate.swift */ = {isa = PBXFileReference; lastKnownFileType = sourcecode.swift; path = AppDelegate.swift; sourceTree = "<group>"; };
		5D519045279D9A6A00ECD4BA /* SceneDelegate.swift */ = {isa = PBXFileReference; lastKnownFileType = sourcecode.swift; path = SceneDelegate.swift; sourceTree = "<group>"; };
		5D519047279D9A6A00ECD4BA /* MainViewController.swift */ = {isa = PBXFileReference; lastKnownFileType = sourcecode.swift; path = MainViewController.swift; sourceTree = "<group>"; };
		5D51904C279D9A6B00ECD4BA /* Assets.xcassets */ = {isa = PBXFileReference; lastKnownFileType = folder.assetcatalog; path = Assets.xcassets; sourceTree = "<group>"; };
		5D51904F279D9A6B00ECD4BA /* Base */ = {isa = PBXFileReference; lastKnownFileType = file.storyboard; name = Base; path = Base.lproj/LaunchScreen.storyboard; sourceTree = "<group>"; };
		5D519051279D9A6B00ECD4BA /* Info.plist */ = {isa = PBXFileReference; lastKnownFileType = text.plist.xml; path = Info.plist; sourceTree = "<group>"; };
		5D57BC9627A1E1AF00E754E6 /* MapButton.swift */ = {isa = PBXFileReference; lastKnownFileType = sourcecode.swift; path = MapButton.swift; sourceTree = "<group>"; };
		5D57BC9827A1EE7900E754E6 /* PinExtension.swift */ = {isa = PBXFileReference; lastKnownFileType = sourcecode.swift; path = PinExtension.swift; sourceTree = "<group>"; };
/* End PBXFileReference section */

/* Begin PBXFrameworksBuildPhase section */
		5D51903D279D9A6A00ECD4BA /* Frameworks */ = {
			isa = PBXFrameworksBuildPhase;
			buildActionMask = 2147483647;
			files = (
			);
			runOnlyForDeploymentPostprocessing = 0;
		};
/* End PBXFrameworksBuildPhase section */

/* Begin PBXGroup section */
		5D519037279D9A6A00ECD4BA = {
			isa = PBXGroup;
			children = (
				5D519042279D9A6A00ECD4BA /* avmorozova_6PW7 */,
				5D519041279D9A6A00ECD4BA /* Products */,
			);
			sourceTree = "<group>";
		};
		5D519041279D9A6A00ECD4BA /* Products */ = {
			isa = PBXGroup;
			children = (
				5D519040279D9A6A00ECD4BA /* avmorozova_6PW7.app */,
			);
			name = Products;
			sourceTree = "<group>";
		};
		5D519042279D9A6A00ECD4BA /* avmorozova_6PW7 */ = {
			isa = PBXGroup;
			children = (
				5D57BC9527A1E18C00E754E6 /* View */,
				5D519057279D9BB200ECD4BA /* Controllers */,
				5D519043279D9A6A00ECD4BA /* AppDelegate.swift */,
				5D519045279D9A6A00ECD4BA /* SceneDelegate.swift */,
				5D51904C279D9A6B00ECD4BA /* Assets.xcassets */,
				5D51904E279D9A6B00ECD4BA /* LaunchScreen.storyboard */,
				5D519051279D9A6B00ECD4BA /* Info.plist */,
				5D57BC9827A1EE7900E754E6 /* PinExtension.swift */,
			);
			path = avmorozova_6PW7;
			sourceTree = "<group>";
		};
		5D519057279D9BB200ECD4BA /* Controllers */ = {
			isa = PBXGroup;
			children = (
				5D519047279D9A6A00ECD4BA /* MainViewController.swift */,
			);
			path = Controllers;
			sourceTree = "<group>";
		};
		5D57BC9527A1E18C00E754E6 /* View */ = {
			isa = PBXGroup;
			children = (
				5D57BC9627A1E1AF00E754E6 /* MapButton.swift */,
			);
			path = View;
			sourceTree = "<group>";
		};
/* End PBXGroup section */

/* Begin PBXNativeTarget section */
		5D51903F279D9A6A00ECD4BA /* avmorozova_6PW7 */ = {
			isa = PBXNativeTarget;
			buildConfigurationList = 5D519054279D9A6B00ECD4BA /* Build configuration list for PBXNativeTarget "avmorozova_6PW7" */;
			buildPhases = (
				5D51903C279D9A6A00ECD4BA /* Sources */,
				5D51903D279D9A6A00ECD4BA /* Frameworks */,
				5D51903E279D9A6A00ECD4BA /* Resources */,
			);
			buildRules = (
			);
			dependencies = (
			);
			name = avmorozova_6PW7;
			productName = avmorozova_6PW7;
			productReference = 5D519040279D9A6A00ECD4BA /* avmorozova_6PW7.app */;
			productType = "com.apple.product-type.application";
		};
/* End PBXNativeTarget section */

/* Begin PBXProject section */
		5D519038279D9A6A00ECD4BA /* Project object */ = {
			isa = PBXProject;
			attributes = {
				LastSwiftUpdateCheck = 1250;
				LastUpgradeCheck = 1250;
				TargetAttributes = {
					5D51903F279D9A6A00ECD4BA = {
						CreatedOnToolsVersion = 12.5.1;
					};
				};
			};
			buildConfigurationList = 5D51903B279D9A6A00ECD4BA /* Build configuration list for PBXProject "avmorozova_6PW7" */;
			compatibilityVersion = "Xcode 9.3";
			developmentRegion = en;
			hasScannedForEncodings = 0;
			knownRegions = (
				en,
				Base,
			);
			mainGroup = 5D519037279D9A6A00ECD4BA;
			productRefGroup = 5D519041279D9A6A00ECD4BA /* Products */;
			projectDirPath = "";
			projectRoot = "";
			targets = (
				5D51903F279D9A6A00ECD4BA /* avmorozova_6PW7 */,
			);
		};
/* End PBXProject section */

/* Begin PBXResourcesBuildPhase section */
		5D51903E279D9A6A00ECD4BA /* Resources */ = {
			isa = PBXResourcesBuildPhase;
			buildActionMask = 2147483647;
			files = (
				5D519050279D9A6B00ECD4BA /* LaunchScreen.storyboard in Resources */,
				5D51904D279D9A6B00ECD4BA /* Assets.xcassets in Resources */,
			);
			runOnlyForDeploymentPostprocessing = 0;
		};
/* End PBXResourcesBuildPhase section */

/* Begin PBXSourcesBuildPhase section */
		5D51903C279D9A6A00ECD4BA /* Sources */ = {
			isa = PBXSourcesBuildPhase;
			buildActionMask = 2147483647;
			files = (
				5D57BC9727A1E1AF00E754E6 /* MapButton.swift in Sources */,
				5D519048279D9A6A00ECD4BA /* MainViewController.swift in Sources */,
				5D519044279D9A6A00ECD4BA /* AppDelegate.swift in Sources */,
				5D57BC9927A1EE7900E754E6 /* PinExtension.swift in Sources */,
				5D519046279D9A6A00ECD4BA /* SceneDelegate.swift in Sources */,
			);
			runOnlyForDeploymentPostprocessing = 0;
		};
/* End PBXSourcesBuildPhase section */

/* Begin PBXVariantGroup section */
		5D51904E279D9A6B00ECD4BA /* LaunchScreen.storyboard */ = {
			isa = PBXVariantGroup;
			children = (
				5D51904F279D9A6B00ECD4BA /* Base */,
			);
			name = LaunchScreen.storyboard;
			sourceTree = "<group>";
		};
/* End PBXVariantGroup section */

/* Begin XCBuildConfiguration section */
		5D519052279D9A6B00ECD4BA /* Debug */ = {
			isa = XCBuildConfiguration;
			buildSettings = {
				ALWAYS_SEARCH_USER_PATHS = NO;
				CLANG_ANALYZER_NONNULL = YES;
				CLANG_ANALYZER_NUMBER_OBJECT_CONVERSION = YES_AGGRESSIVE;
				CLANG_CXX_LANGUAGE_STANDARD = "gnu++14";
				CLANG_CXX_LIBRARY = "libc++";
				CLANG_ENABLE_MODULES = YES;
				CLANG_ENABLE_OBJC_ARC = YES;
				CLANG_ENABLE_OBJC_WEAK = YES;
				CLANG_WARN_BLOCK_CAPTURE_AUTORELEASING = YES;
				CLANG_WARN_BOOL_CONVERSION = YES;
				CLANG_WARN_COMMA = YES;
				CLANG_WARN_CONSTANT_CONVERSION = YES;
				CLANG_WARN_DEPRECATED_OBJC_IMPLEMENTATIONS = YES;
				CLANG_WARN_DIRECT_OBJC_ISA_USAGE = YES_ERROR;
				CLANG_WARN_DOCUMENTATION_COMMENTS = YES;
				CLANG_WARN_EMPTY_BODY = YES;
				CLANG_WARN_ENUM_CONVERSION = YES;
				CLANG_WARN_INFINITE_RECURSION = YES;
				CLANG_WARN_INT_CONVERSION = YES;
				CLANG_WARN_NON_LITERAL_NULL_CONVERSION = YES;
				CLANG_WARN_OBJC_IMPLICIT_RETAIN_SELF = YES;
				CLANG_WARN_OBJC_LITERAL_CONVERSION = YES;
				CLANG_WARN_OBJC_ROOT_CLASS = YES_ERROR;
				CLANG_WARN_QUOTED_INCLUDE_IN_FRAMEWORK_HEADER = YES;
				CLANG_WARN_RANGE_LOOP_ANALYSIS = YES;
				CLANG_WARN_STRICT_PROTOTYPES = YES;
				CLANG_WARN_SUSPICIOUS_MOVE = YES;
				CLANG_WARN_UNGUARDED_AVAILABILITY = YES_AGGRESSIVE;
				CLANG_WARN_UNREACHABLE_CODE = YES;
				CLANG_WARN__DUPLICATE_METHOD_MATCH = YES;
				COPY_PHASE_STRIP = NO;
				DEBUG_INFORMATION_FORMAT = dwarf;
				ENABLE_STRICT_OBJC_MSGSEND = YES;
				ENABLE_TESTABILITY = YES;
				GCC_C_LANGUAGE_STANDARD = gnu11;
				GCC_DYNAMIC_NO_PIC = NO;
				GCC_NO_COMMON_BLOCKS = YES;
				GCC_OPTIMIZATION_LEVEL = 0;
				GCC_PREPROCESSOR_DEFINITIONS = (
					"DEBUG=1",
					"$(inherited)",
				);
				GCC_WARN_64_TO_32_BIT_CONVERSION = YES;
				GCC_WARN_ABOUT_RETURN_TYPE = YES_ERROR;
				GCC_WARN_UNDECLARED_SELECTOR = YES;
				GCC_WARN_UNINITIALIZED_AUTOS = YES_AGGRESSIVE;
				GCC_WARN_UNUSED_FUNCTION = YES;
				GCC_WARN_UNUSED_VARIABLE = YES;
				IPHONEOS_DEPLOYMENT_TARGET = 14.5;
				MTL_ENABLE_DEBUG_INFO = INCLUDE_SOURCE;
				MTL_FAST_MATH = YES;
				ONLY_ACTIVE_ARCH = YES;
				SDKROOT = iphoneos;
				SWIFT_ACTIVE_COMPILATION_CONDITIONS = DEBUG;
				SWIFT_OPTIMIZATION_LEVEL = "-Onone";
			};
			name = Debug;
		};
		5D519053279D9A6B00ECD4BA /* Release */ = {
			isa = XCBuildConfiguration;
			buildSettings = {
				ALWAYS_SEARCH_USER_PATHS = NO;
				CLANG_ANALYZER_NONNULL = YES;
				CLANG_ANALYZER_NUMBER_OBJECT_CONVERSION = YES_AGGRESSIVE;
				CLANG_CXX_LANGUAGE_STANDARD = "gnu++14";
				CLANG_CXX_LIBRARY = "libc++";
				CLANG_ENABLE_MODULES = YES;
				CLANG_ENABLE_OBJC_ARC = YES;
				CLANG_ENABLE_OBJC_WEAK = YES;
				CLANG_WARN_BLOCK_CAPTURE_AUTORELEASING = YES;
				CLANG_WARN_BOOL_CONVERSION = YES;
				CLANG_WARN_COMMA = YES;
				CLANG_WARN_CONSTANT_CONVERSION = YES;
				CLANG_WARN_DEPRECATED_OBJC_IMPLEMENTATIONS = YES;
				CLANG_WARN_DIRECT_OBJC_ISA_USAGE = YES_ERROR;
				CLANG_WARN_DOCUMENTATION_COMMENTS = YES;
				CLANG_WARN_EMPTY_BODY = YES;
				CLANG_WARN_ENUM_CONVERSION = YES;
				CLANG_WARN_INFINITE_RECURSION = YES;
				CLANG_WARN_INT_CONVERSION = YES;
				CLANG_WARN_NON_LITERAL_NULL_CONVERSION = YES;
				CLANG_WARN_OBJC_IMPLICIT_RETAIN_SELF = YES;
				CLANG_WARN_OBJC_LITERAL_CONVERSION = YES;
				CLANG_WARN_OBJC_ROOT_CLASS = YES_ERROR;
				CLANG_WARN_QUOTED_INCLUDE_IN_FRAMEWORK_HEADER = YES;
				CLANG_WARN_RANGE_LOOP_ANALYSIS = YES;
				CLANG_WARN_STRICT_PROTOTYPES = YES;
				CLANG_WARN_SUSPICIOUS_MOVE = YES;
				CLANG_WARN_UNGUARDED_AVAILABILITY = YES_AGGRESSIVE;
				CLANG_WARN_UNREACHABLE_CODE = YES;
				CLANG_WARN__DUPLICATE_METHOD_MATCH = YES;
				COPY_PHASE_STRIP = NO;
				DEBUG_INFORMATION_FORMAT = "dwarf-with-dsym";
				ENABLE_NS_ASSERTIONS = NO;
				ENABLE_STRICT_OBJC_MSGSEND = YES;
				GCC_C_LANGUAGE_STANDARD = gnu11;
				GCC_NO_COMMON_BLOCKS = YES;
				GCC_WARN_64_TO_32_BIT_CONVERSION = YES;
				GCC_WARN_ABOUT_RETURN_TYPE = YES_ERROR;
				GCC_WARN_UNDECLARED_SELECTOR = YES;
				GCC_WARN_UNINITIALIZED_AUTOS = YES_AGGRESSIVE;
				GCC_WARN_UNUSED_FUNCTION = YES;
				GCC_WARN_UNUSED_VARIABLE = YES;
				IPHONEOS_DEPLOYMENT_TARGET = 14.5;
				MTL_ENABLE_DEBUG_INFO = NO;
				MTL_FAST_MATH = YES;
				SDKROOT = iphoneos;
				SWIFT_COMPILATION_MODE = wholemodule;
				SWIFT_OPTIMIZATION_LEVEL = "-O";
				VALIDATE_PRODUCT = YES;
			};
			name = Release;
		};
		5D519055279D9A6B00ECD4BA /* Debug */ = {
			isa = XCBuildConfiguration;
			buildSettings = {
				ASSETCATALOG_COMPILER_APPICON_NAME = AppIcon;
				ASSETCATALOG_COMPILER_GLOBAL_ACCENT_COLOR_NAME = AccentColor;
				CODE_SIGN_STYLE = Automatic;
				INFOPLIST_FILE = avmorozova_6PW7/Info.plist;
				LD_RUNPATH_SEARCH_PATHS = (
					"$(inherited)",
					"@executable_path/Frameworks",
				);
				PRODUCT_BUNDLE_IDENTIFIER = "hse.avmorozova-6PW7";
				PRODUCT_NAME = "$(TARGET_NAME)";
				SWIFT_VERSION = 5.0;
				TARGETED_DEVICE_FAMILY = "1,2";
			};
			name = Debug;
		};
		5D519056279D9A6B00ECD4BA /* Release */ = {
			isa = XCBuildConfiguration;
			buildSettings = {
				ASSETCATALOG_COMPILER_APPICON_NAME = AppIcon;
				ASSETCATALOG_COMPILER_GLOBAL_ACCENT_COLOR_NAME = AccentColor;
				CODE_SIGN_STYLE = Automatic;
				INFOPLIST_FILE = avmorozova_6PW7/Info.plist;
				LD_RUNPATH_SEARCH_PATHS = (
					"$(inherited)",
					"@executable_path/Frameworks",
				);
				PRODUCT_BUNDLE_IDENTIFIER = "hse.avmorozova-6PW7";
				PRODUCT_NAME = "$(TARGET_NAME)";
				SWIFT_VERSION = 5.0;
				TARGETED_DEVICE_FAMILY = "1,2";
			};
			name = Release;
		};
/* End XCBuildConfiguration section */

/* Begin XCConfigurationList section */
		5D51903B279D9A6A00ECD4BA /* Build configuration list for PBXProject "avmorozova_6PW7" */ = {
			isa = XCConfigurationList;
			buildConfigurations = (
				5D519052279D9A6B00ECD4BA /* Debug */,
				5D519053279D9A6B00ECD4BA /* Release */,
			);
			defaultConfigurationIsVisible = 0;
			defaultConfigurationName = Release;
		};
		5D519054279D9A6B00ECD4BA /* Build configuration list for PBXNativeTarget "avmorozova_6PW7" */ = {
			isa = XCConfigurationList;
			buildConfigurations = (
				5D519055279D9A6B00ECD4BA /* Debug */,
				5D519056279D9A6B00ECD4BA /* Release */,
			);
			defaultConfigurationIsVisible = 0;
			defaultConfigurationName = Release;
		};
/* End XCConfigurationList section */
	};
	rootObject = 5D519038279D9A6A00ECD4BA /* Project object */;
}
